PODS:
  - HDF5Kit (0.3.0)
  - SwiftyJSON (5.0.1)

DEPENDENCIES:
  - HDF5Kit (~> 0.3)
  - SwiftyJSON

SPEC REPOS:
  trunk:
    - HDF5Kit
    - SwiftyJSON

SPEC CHECKSUMS:
  HDF5Kit: 338b29b7ece43ad793abbd402c5d8b137a11e8e2
  SwiftyJSON: 2f33a42c6fbc52764d96f13368585094bfd8aa5e

PODFILE CHECKSUM: 32cb13ca97a7c68a2fde261c5016f0f2c52aa196

COCOAPODS: 1.14.3
